
Microsoft Visual Studio Solution File, Format Version 12.00
# Visual Studio Version 16
VisualStudioVersion = 16.0.30128.74
MinimumVisualStudioVersion = 10.0.40219.1
Project("{8BC9CEB8-8B4A-11D0-8D11-00A0C91BC942}") = "PrincipalLaboratorio", "PrincipalLaboratorio\PrincipalLaboratorio.vcxproj", "{77819BE7-FFED-41CC-92B7-28BC05AE845E}"
EndProject
Global
	GlobalSection(SolutionConfigurationPlatforms) = preSolution
		Debug|x64 = Debug|x64
		Debug|x86 = Debug|x86
		Release|x64 = Release|x64
		Release|x86 = Release|x86
	EndGlobalSection
	GlobalSection(ProjectConfigurationPlatforms) = postSolution
		{77819BE7-FFED-41CC-92B7-28BC05AE845E}.Debug|x64.ActiveCfg = Debug|x64
		{77819BE7-FFED-41CC-92B7-28BC05AE845E}.Debug|x64.Build.0 = Debug|x64
		{77819BE7-FFED-41CC-92B7-28BC05AE845E}.Debug|x86.ActiveCfg = Debug|Win32
		{77819BE7-FFED-41CC-92B7-28BC05AE845E}.Debug|x86.Build.0 = Debug|Win32
		{77819BE7-FFED-41CC-92B7-28BC05AE845E}.Release|x64.ActiveCfg = Release|x64
		{77819BE7-FFED-41CC-92B7-28BC05AE845E}.Release|x64.Build.0 = Release|x64
		{77819BE7-FFED-41CC-92B7-28BC05AE845E}.Release|x86.ActiveCfg = Release|Win32
		{77819BE7-FFED-41CC-92B7-28BC05AE845E}.Release|x86.Build.0 = Release|Win32
	EndGlobalSection
	GlobalSection(SolutionProperties) = preSolution
		HideSolutionNode = FALSE
	EndGlobalSection
	GlobalSection(ExtensibilityGlobals) = postSolution
		SolutionGuid = {6B1F7C63-65C2-408B-AD42-3C10991712F5}
	EndGlobalSection
EndGlobal
